
Microsoft Visual Studio Solution File, Format Version 12.00
Project("{FAE04EC0-301F-11D3-BF4B-00C04F79EFBC}") = "ISP-API", "ISP-API\ISP-API.csproj", "{2457E4E4-51A0-4CBC-B06A-093CA517E625}"
EndProject
Global
	GlobalSection(SolutionConfigurationPlatforms) = preSolution
		Debug|Any CPU = Debug|Any CPU
		Release|Any CPU = Release|Any CPU
	EndGlobalSection
	GlobalSection(ProjectConfigurationPlatforms) = postSolution
		{2457E4E4-51A0-4CBC-B06A-093CA517E625}.Debug|Any CPU.ActiveCfg = Debug|Any CPU
		{2457E4E4-51A0-4CBC-B06A-093CA517E625}.Debug|Any CPU.Build.0 = Debug|Any CPU
		{2457E4E4-51A0-4CBC-B06A-093CA517E625}.Release|Any CPU.ActiveCfg = Release|Any CPU
		{2457E4E4-51A0-4CBC-B06A-093CA517E625}.Release|Any CPU.Build.0 = Release|Any CPU
	EndGlobalSection
EndGlobal
